
Microsoft Visual Studio Solution File, Format Version 12.00
# Visual Studio Version 16
VisualStudioVersion = 16.0.29806.167
MinimumVisualStudioVersion = 10.0.40219.1
Project("{FAE04EC0-301F-11D3-BF4B-00C04F79EFBC}") = "TRMDataManager", "TRMDataManager\TRMDataManager.csproj", "{05AEA0C5-4A68-4B20-9C6A-82193C939C91}"
EndProject
Project("{00D1A9C2-B5F0-4AF3-8072-F6C62B433612}") = "TRMData", "TRMData\TRMData.sqlproj", "{230554C7-3C2B-4726-83BD-8C22B971D5AD}"
EndProject
Project("{FAE04EC0-301F-11D3-BF4B-00C04F79EFBC}") = "TRMDesktopUI", "TRMDesktopUI\TRMDesktopUI.csproj", "{DBE658FB-A114-449A-9DD7-EED5D17FDF23}"
EndProject
Project("{FAE04EC0-301F-11D3-BF4B-00C04F79EFBC}") = "TRMDataManager.Library", "TRMDataManager.Library\TRMDataManager.Library.csproj", "{D81C04E4-01C3-4AC0-9BFE-0BBD13B5E996}"
EndProject
Project("{FAE04EC0-301F-11D3-BF4B-00C04F79EFBC}") = "TRMDesktopUI.Library", "TRMDesktopUI.Library\TRMDesktopUI.Library.csproj", "{BB91911D-0657-42C8-8B6F-A6EBCC8839E4}"
EndProject
Global
	GlobalSection(SolutionConfigurationPlatforms) = preSolution
		Debug|Any CPU = Debug|Any CPU
		Release|Any CPU = Release|Any CPU
	EndGlobalSection
	GlobalSection(ProjectConfigurationPlatforms) = postSolution
		{05AEA0C5-4A68-4B20-9C6A-82193C939C91}.Debug|Any CPU.ActiveCfg = Debug|Any CPU
		{05AEA0C5-4A68-4B20-9C6A-82193C939C91}.Debug|Any CPU.Build.0 = Debug|Any CPU
		{05AEA0C5-4A68-4B20-9C6A-82193C939C91}.Release|Any CPU.ActiveCfg = Release|Any CPU
		{05AEA0C5-4A68-4B20-9C6A-82193C939C91}.Release|Any CPU.Build.0 = Release|Any CPU
		{230554C7-3C2B-4726-83BD-8C22B971D5AD}.Debug|Any CPU.ActiveCfg = Debug|Any CPU
		{230554C7-3C2B-4726-83BD-8C22B971D5AD}.Debug|Any CPU.Build.0 = Debug|Any CPU
		{230554C7-3C2B-4726-83BD-8C22B971D5AD}.Debug|Any CPU.Deploy.0 = Debug|Any CPU
		{230554C7-3C2B-4726-83BD-8C22B971D5AD}.Release|Any CPU.ActiveCfg = Release|Any CPU
		{230554C7-3C2B-4726-83BD-8C22B971D5AD}.Release|Any CPU.Build.0 = Release|Any CPU
		{230554C7-3C2B-4726-83BD-8C22B971D5AD}.Release|Any CPU.Deploy.0 = Release|Any CPU
		{DBE658FB-A114-449A-9DD7-EED5D17FDF23}.Debug|Any CPU.ActiveCfg = Debug|Any CPU
		{DBE658FB-A114-449A-9DD7-EED5D17FDF23}.Debug|Any CPU.Build.0 = Debug|Any CPU
		{DBE658FB-A114-449A-9DD7-EED5D17FDF23}.Release|Any CPU.ActiveCfg = Release|Any CPU
		{DBE658FB-A114-449A-9DD7-EED5D17FDF23}.Release|Any CPU.Build.0 = Release|Any CPU
		{D81C04E4-01C3-4AC0-9BFE-0BBD13B5E996}.Debug|Any CPU.ActiveCfg = Debug|Any CPU
		{D81C04E4-01C3-4AC0-9BFE-0BBD13B5E996}.Debug|Any CPU.Build.0 = Debug|Any CPU
		{D81C04E4-01C3-4AC0-9BFE-0BBD13B5E996}.Release|Any CPU.ActiveCfg = Release|Any CPU
		{D81C04E4-01C3-4AC0-9BFE-0BBD13B5E996}.Release|Any CPU.Build.0 = Release|Any CPU
		{BB91911D-0657-42C8-8B6F-A6EBCC8839E4}.Debug|Any CPU.ActiveCfg = Debug|Any CPU
		{BB91911D-0657-42C8-8B6F-A6EBCC8839E4}.Debug|Any CPU.Build.0 = Debug|Any CPU
		{BB91911D-0657-42C8-8B6F-A6EBCC8839E4}.Release|Any CPU.ActiveCfg = Release|Any CPU
		{BB91911D-0657-42C8-8B6F-A6EBCC8839E4}.Release|Any CPU.Build.0 = Release|Any CPU
	EndGlobalSection
	GlobalSection(SolutionProperties) = preSolution
		HideSolutionNode = FALSE
	EndGlobalSection
	GlobalSection(ExtensibilityGlobals) = postSolution
		SolutionGuid = {8B1DD714-575B-4778-9C22-64863BB3E5DE}
	EndGlobalSection
EndGlobal
